# This file is automatically @generated by Cargo.
# It is not intended for manual editing.
version = 4

[[package]]
name = "nova-cli"
version = "0.1.0"
dependencies = [
 "nova-diagnostics",
 "nova-interpreter",
 "nova-lexer",
 "nova-parser",
 "nova-sema",
 "nova-source",
]

[[package]]
name = "nova-diagnostics"
version = "0.1.0"
dependencies = [
 "nova-source",
]

[[package]]
name = "nova-interpreter"
version = "0.1.0"
dependencies = [
 "nova-diagnostics",
 "nova-lexer",
 "nova-parser",
 "nova-sema",
 "nova-source",
]

[[package]]
name = "nova-lexer"
version = "0.1.0"
dependencies = [
 "nova-diagnostics",
 "nova-source",
]

[[package]]
name = "nova-parser"
version = "0.1.0"
dependencies = [
 "nova-diagnostics",
 "nova-lexer",
 "nova-source",
]

[[package]]
name = "nova-sema"
version = "0.1.0"
dependencies = [
 "nova-diagnostics",
 "nova-lexer",
 "nova-parser",
 "nova-source",
]

[[package]]
name = "nova-source"
version = "0.1.0"
